// !$*UTF8*$!
{
	archiveVersion = 1;
	classes = {
	};
	objectVersion = 50;
	objects = {

/* Begin PBXBuildFile section */
		6364FC23A87517E46E2DFF14 /* Pods_wikiwiki.framework in Frameworks */ = {isa = PBXBuildFile; fileRef = ED66D2180C558D45760C6521 /* Pods_wikiwiki.framework */; };
		AFE307D0217271BA004E4A48 /* AppDelegate.swift in Sources */ = {isa = PBXBuildFile; fileRef = AFE307CF217271BA004E4A48 /* AppDelegate.swift */; };
		AFE307D5217271BA004E4A48 /* Main.storyboard in Resources */ = {isa = PBXBuildFile; fileRef = AFE307D3217271BA004E4A48 /* Main.storyboard */; };
		AFE307D7217271BB004E4A48 /* Assets.xcassets in Resources */ = {isa = PBXBuildFile; fileRef = AFE307D6217271BB004E4A48 /* Assets.xcassets */; };
		AFE307DA217271BB004E4A48 /* LaunchScreen.storyboard in Resources */ = {isa = PBXBuildFile; fileRef = AFE307D8217271BB004E4A48 /* LaunchScreen.storyboard */; };
		AFE307E521727433004E4A48 /* DataFetcher.swift in Sources */ = {isa = PBXBuildFile; fileRef = AFE307E421727433004E4A48 /* DataFetcher.swift */; };
		AFE307E72172745D004E4A48 /* QuestionCreationViewController.swift in Sources */ = {isa = PBXBuildFile; fileRef = AFE307E62172745D004E4A48 /* QuestionCreationViewController.swift */; };
		AFE307EB217274D7004E4A48 /* Question.swift in Sources */ = {isa = PBXBuildFile; fileRef = AFE307EA217274D7004E4A48 /* Question.swift */; };
		AFE307EF21727EB5004E4A48 /* wikiwiki+UIColor.swift in Sources */ = {isa = PBXBuildFile; fileRef = AFE307EE21727EB5004E4A48 /* wikiwiki+UIColor.swift */; };
		AFE307F12172870E004E4A48 /* EditingFieldView.swift in Sources */ = {isa = PBXBuildFile; fileRef = AFE307F02172870E004E4A48 /* EditingFieldView.swift */; };
		AFE307F52172950A004E4A48 /* ActiveQuestionViewController.swift in Sources */ = {isa = PBXBuildFile; fileRef = AFE307F42172950A004E4A48 /* ActiveQuestionViewController.swift */; };
		AFE307F72172A384004E4A48 /* CategorySelectView.swift in Sources */ = {isa = PBXBuildFile; fileRef = AFE307F62172A384004E4A48 /* CategorySelectView.swift */; };
		AFE307F92172A53E004E4A48 /* SelectionRow.swift in Sources */ = {isa = PBXBuildFile; fileRef = AFE307F82172A53E004E4A48 /* SelectionRow.swift */; };
		AFE307FB2172A8C5004E4A48 /* ContentView.swift in Sources */ = {isa = PBXBuildFile; fileRef = AFE307FA2172A8C5004E4A48 /* ContentView.swift */; };
		D7B24B6621730EF000B4BCA6 /* Category.swift in Sources */ = {isa = PBXBuildFile; fileRef = D7B24B6521730EF000B4BCA6 /* Category.swift */; };
		D7B24B6921731A5A00B4BCA6 /* QuestionCardView.swift in Sources */ = {isa = PBXBuildFile; fileRef = D7B24B6821731A5A00B4BCA6 /* QuestionCardView.swift */; };
/* End PBXBuildFile section */

/* Begin PBXFileReference section */
		32EB7B0163015D786428F61D /* Pods-wikiwiki.debug.xcconfig */ = {isa = PBXFileReference; includeInIndex = 1; lastKnownFileType = text.xcconfig; name = "Pods-wikiwiki.debug.xcconfig"; path = "Pods/Target Support Files/Pods-wikiwiki/Pods-wikiwiki.debug.xcconfig"; sourceTree = "<group>"; };
		33A17383AF06FC254A3F15BD /* Pods-wikiwiki.release.xcconfig */ = {isa = PBXFileReference; includeInIndex = 1; lastKnownFileType = text.xcconfig; name = "Pods-wikiwiki.release.xcconfig"; path = "Pods/Target Support Files/Pods-wikiwiki/Pods-wikiwiki.release.xcconfig"; sourceTree = "<group>"; };
		AFE307CC217271BA004E4A48 /* wikiwiki.app */ = {isa = PBXFileReference; explicitFileType = wrapper.application; includeInIndex = 0; path = wikiwiki.app; sourceTree = BUILT_PRODUCTS_DIR; };
		AFE307CF217271BA004E4A48 /* AppDelegate.swift */ = {isa = PBXFileReference; lastKnownFileType = sourcecode.swift; path = AppDelegate.swift; sourceTree = "<group>"; };
		AFE307D4217271BA004E4A48 /* Base */ = {isa = PBXFileReference; lastKnownFileType = file.storyboard; name = Base; path = Base.lproj/Main.storyboard; sourceTree = "<group>"; };
		AFE307D6217271BB004E4A48 /* Assets.xcassets */ = {isa = PBXFileReference; lastKnownFileType = folder.assetcatalog; path = Assets.xcassets; sourceTree = "<group>"; };
		AFE307D9217271BB004E4A48 /* Base */ = {isa = PBXFileReference; lastKnownFileType = file.storyboard; name = Base; path = Base.lproj/LaunchScreen.storyboard; sourceTree = "<group>"; };
		AFE307DB217271BB004E4A48 /* Info.plist */ = {isa = PBXFileReference; lastKnownFileType = text.plist.xml; path = Info.plist; sourceTree = "<group>"; };
		AFE307E421727433004E4A48 /* DataFetcher.swift */ = {isa = PBXFileReference; fileEncoding = 4; lastKnownFileType = sourcecode.swift; path = DataFetcher.swift; sourceTree = "<group>"; };
		AFE307E62172745D004E4A48 /* QuestionCreationViewController.swift */ = {isa = PBXFileReference; lastKnownFileType = sourcecode.swift; path = QuestionCreationViewController.swift; sourceTree = "<group>"; };
		AFE307EA217274D7004E4A48 /* Question.swift */ = {isa = PBXFileReference; lastKnownFileType = sourcecode.swift; path = Question.swift; sourceTree = "<group>"; };
		AFE307EE21727EB5004E4A48 /* wikiwiki+UIColor.swift */ = {isa = PBXFileReference; fileEncoding = 4; lastKnownFileType = sourcecode.swift; path = "wikiwiki+UIColor.swift"; sourceTree = "<group>"; };
		AFE307F02172870E004E4A48 /* EditingFieldView.swift */ = {isa = PBXFileReference; lastKnownFileType = sourcecode.swift; name = EditingFieldView.swift; path = "wikiwiki/Question Creation/EditingFieldView.swift"; sourceTree = SOURCE_ROOT; };
		AFE307F42172950A004E4A48 /* ActiveQuestionViewController.swift */ = {isa = PBXFileReference; lastKnownFileType = sourcecode.swift; path = ActiveQuestionViewController.swift; sourceTree = "<group>"; };
		AFE307F62172A384004E4A48 /* CategorySelectView.swift */ = {isa = PBXFileReference; lastKnownFileType = sourcecode.swift; path = CategorySelectView.swift; sourceTree = "<group>"; };
		AFE307F82172A53E004E4A48 /* SelectionRow.swift */ = {isa = PBXFileReference; lastKnownFileType = sourcecode.swift; path = SelectionRow.swift; sourceTree = "<group>"; };
		AFE307FA2172A8C5004E4A48 /* ContentView.swift */ = {isa = PBXFileReference; lastKnownFileType = sourcecode.swift; path = ContentView.swift; sourceTree = "<group>"; };
		D7B24B6521730EF000B4BCA6 /* Category.swift */ = {isa = PBXFileReference; lastKnownFileType = sourcecode.swift; path = Category.swift; sourceTree = "<group>"; };
		D7B24B6821731A5A00B4BCA6 /* QuestionCardView.swift */ = {isa = PBXFileReference; lastKnownFileType = sourcecode.swift; path = QuestionCardView.swift; sourceTree = "<group>"; };
		ED66D2180C558D45760C6521 /* Pods_wikiwiki.framework */ = {isa = PBXFileReference; explicitFileType = wrapper.framework; includeInIndex = 0; path = Pods_wikiwiki.framework; sourceTree = BUILT_PRODUCTS_DIR; };
/* End PBXFileReference section */

/* Begin PBXFrameworksBuildPhase section */
		AFE307C9217271BA004E4A48 /* Frameworks */ = {
			isa = PBXFrameworksBuildPhase;
			buildActionMask = 2147483647;
			files = (
				6364FC23A87517E46E2DFF14 /* Pods_wikiwiki.framework in Frameworks */,
			);
			runOnlyForDeploymentPostprocessing = 0;
		};
/* End PBXFrameworksBuildPhase section */

/* Begin PBXGroup section */
		AAE61A4458C7B7818AB9B3FB /* Pods */ = {
			isa = PBXGroup;
			children = (
				32EB7B0163015D786428F61D /* Pods-wikiwiki.debug.xcconfig */,
				33A17383AF06FC254A3F15BD /* Pods-wikiwiki.release.xcconfig */,
			);
			name = Pods;
			sourceTree = "<group>";
		};
		AFE307C3217271BA004E4A48 = {
			isa = PBXGroup;
			children = (
				AFE307CE217271BA004E4A48 /* wikiwiki */,
				AFE307CD217271BA004E4A48 /* Products */,
				AAE61A4458C7B7818AB9B3FB /* Pods */,
				E0A9ACD37F77905FEFE5273B /* Frameworks */,
			);
			sourceTree = "<group>";
		};
		AFE307CD217271BA004E4A48 /* Products */ = {
			isa = PBXGroup;
			children = (
				AFE307CC217271BA004E4A48 /* wikiwiki.app */,
			);
			name = Products;
			sourceTree = "<group>";
		};
		AFE307CE217271BA004E4A48 /* wikiwiki */ = {
			isa = PBXGroup;
			children = (
				D7B24B6721731A2F00B4BCA6 /* Question Creation */,
				AFE307ED21727E7C004E4A48 /* Color */,
				AFE307EC217274DE004E4A48 /* Question */,
				AFE307E321727427004E4A48 /* DataFetcher */,
				AFE307E2217273D9004E4A48 /* ViewControllers */,
				AFE307CF217271BA004E4A48 /* AppDelegate.swift */,
				AFE307D3217271BA004E4A48 /* Main.storyboard */,
				AFE307D6217271BB004E4A48 /* Assets.xcassets */,
				AFE307D8217271BB004E4A48 /* LaunchScreen.storyboard */,
				AFE307DB217271BB004E4A48 /* Info.plist */,
			);
			path = wikiwiki;
			sourceTree = "<group>";
		};
		AFE307E2217273D9004E4A48 /* ViewControllers */ = {
			isa = PBXGroup;
			children = (
				AFE307E62172745D004E4A48 /* QuestionCreationViewController.swift */,
				AFE307F42172950A004E4A48 /* ActiveQuestionViewController.swift */,
			);
			path = ViewControllers;
			sourceTree = "<group>";
		};
		AFE307E321727427004E4A48 /* DataFetcher */ = {
			isa = PBXGroup;
			children = (
				AFE307E421727433004E4A48 /* DataFetcher.swift */,
			);
			path = DataFetcher;
			sourceTree = "<group>";
		};
		AFE307EC217274DE004E4A48 /* Question */ = {
			isa = PBXGroup;
			children = (
				AFE307EA217274D7004E4A48 /* Question.swift */,
				D7B24B6821731A5A00B4BCA6 /* QuestionCardView.swift */,
				D7B24B6521730EF000B4BCA6 /* Category.swift */,
			);
			path = Question;
			sourceTree = "<group>";
		};
		AFE307ED21727E7C004E4A48 /* Color */ = {
			isa = PBXGroup;
			children = (
				AFE307EE21727EB5004E4A48 /* wikiwiki+UIColor.swift */,
			);
			path = Color;
			sourceTree = "<group>";
		};
		D7B24B6721731A2F00B4BCA6 /* Question Creation */ = {
			isa = PBXGroup;
			children = (
				AFE307FA2172A8C5004E4A48 /* ContentView.swift */,
				AFE307F02172870E004E4A48 /* EditingFieldView.swift */,
				AFE307F62172A384004E4A48 /* CategorySelectView.swift */,
				AFE307F82172A53E004E4A48 /* SelectionRow.swift */,
			);
			path = "Question Creation";
			sourceTree = "<group>";
		};
		E0A9ACD37F77905FEFE5273B /* Frameworks */ = {
			isa = PBXGroup;
			children = (
				ED66D2180C558D45760C6521 /* Pods_wikiwiki.framework */,
			);
			name = Frameworks;
			sourceTree = "<group>";
		};
/* End PBXGroup section */

/* Begin PBXNativeTarget section */
		AFE307CB217271BA004E4A48 /* wikiwiki */ = {
			isa = PBXNativeTarget;
			buildConfigurationList = AFE307DE217271BB004E4A48 /* Build configuration list for PBXNativeTarget "wikiwiki" */;
			buildPhases = (
				1E434B5369EF4C73B5AA66CA /* [CP] Check Pods Manifest.lock */,
				AFE307C8217271BA004E4A48 /* Sources */,
				AFE307C9217271BA004E4A48 /* Frameworks */,
				AFE307CA217271BA004E4A48 /* Resources */,
				D2776F349DAFBAFCCA91E26A /* [CP] Embed Pods Frameworks */,
			);
			buildRules = (
			);
			dependencies = (
			);
			name = wikiwiki;
			productName = wikiwiki;
			productReference = AFE307CC217271BA004E4A48 /* wikiwiki.app */;
			productType = "com.apple.product-type.application";
		};
/* End PBXNativeTarget section */

/* Begin PBXProject section */
		AFE307C4217271BA004E4A48 /* Project object */ = {
			isa = PBXProject;
			attributes = {
				LastSwiftUpdateCheck = 1000;
				LastUpgradeCheck = 1000;
				ORGANIZATIONNAME = "pblin@umich.edu";
				TargetAttributes = {
					AFE307CB217271BA004E4A48 = {
						CreatedOnToolsVersion = 10.0;
					};
				};
			};
			buildConfigurationList = AFE307C7217271BA004E4A48 /* Build configuration list for PBXProject "wikiwiki" */;
			compatibilityVersion = "Xcode 9.3";
			developmentRegion = en;
			hasScannedForEncodings = 0;
			knownRegions = (
				en,
				Base,
			);
			mainGroup = AFE307C3217271BA004E4A48;
			productRefGroup = AFE307CD217271BA004E4A48 /* Products */;
			projectDirPath = "";
			projectRoot = "";
			targets = (
				AFE307CB217271BA004E4A48 /* wikiwiki */,
			);
		};
/* End PBXProject section */

/* Begin PBXResourcesBuildPhase section */
		AFE307CA217271BA004E4A48 /* Resources */ = {
			isa = PBXResourcesBuildPhase;
			buildActionMask = 2147483647;
			files = (
				AFE307DA217271BB004E4A48 /* LaunchScreen.storyboard in Resources */,
				AFE307D7217271BB004E4A48 /* Assets.xcassets in Resources */,
				AFE307D5217271BA004E4A48 /* Main.storyboard in Resources */,
			);
			runOnlyForDeploymentPostprocessing = 0;
		};
/* End PBXResourcesBuildPhase section */

/* Begin PBXShellScriptBuildPhase section */
		1E434B5369EF4C73B5AA66CA /* [CP] Check Pods Manifest.lock */ = {
			isa = PBXShellScriptBuildPhase;
			buildActionMask = 2147483647;
			files = (
			);
			inputFileListPaths = (
			);
			inputPaths = (
				"${PODS_PODFILE_DIR_PATH}/Podfile.lock",
				"${PODS_ROOT}/Manifest.lock",
			);
			name = "[CP] Check Pods Manifest.lock";
			outputFileListPaths = (
			);
			outputPaths = (
				"$(DERIVED_FILE_DIR)/Pods-wikiwiki-checkManifestLockResult.txt",
			);
			runOnlyForDeploymentPostprocessing = 0;
			shellPath = /bin/sh;
			shellScript = "diff \"${PODS_PODFILE_DIR_PATH}/Podfile.lock\" \"${PODS_ROOT}/Manifest.lock\" > /dev/null\nif [ $? != 0 ] ; then\n    # print error to STDERR\n    echo \"error: The sandbox is not in sync with the Podfile.lock. Run 'pod install' or update your CocoaPods installation.\" >&2\n    exit 1\nfi\n# This output is used by Xcode 'outputs' to avoid re-running this script phase.\necho \"SUCCESS\" > \"${SCRIPT_OUTPUT_FILE_0}\"\n";
			showEnvVarsInLog = 0;
		};
		D2776F349DAFBAFCCA91E26A /* [CP] Embed Pods Frameworks */ = {
			isa = PBXShellScriptBuildPhase;
			buildActionMask = 2147483647;
			files = (
			);
			inputFileListPaths = (
			);
			inputPaths = (
				"${SRCROOT}/Pods/Target Support Files/Pods-wikiwiki/Pods-wikiwiki-frameworks.sh",
				"${BUILT_PRODUCTS_DIR}/Alamofire/Alamofire.framework",
				"${BUILT_PRODUCTS_DIR}/SwiftyJSON/SwiftyJSON.framework",
			);
			name = "[CP] Embed Pods Frameworks";
			outputFileListPaths = (
			);
			outputPaths = (
				"${TARGET_BUILD_DIR}/${FRAMEWORKS_FOLDER_PATH}/Alamofire.framework",
				"${TARGET_BUILD_DIR}/${FRAMEWORKS_FOLDER_PATH}/SwiftyJSON.framework",
			);
			runOnlyForDeploymentPostprocessing = 0;
			shellPath = /bin/sh;
			shellScript = "\"${SRCROOT}/Pods/Target Support Files/Pods-wikiwiki/Pods-wikiwiki-frameworks.sh\"\n";
			showEnvVarsInLog = 0;
		};
/* End PBXShellScriptBuildPhase section */

/* Begin PBXSourcesBuildPhase section */
		AFE307C8217271BA004E4A48 /* Sources */ = {
			isa = PBXSourcesBuildPhase;
			buildActionMask = 2147483647;
			files = (
				AFE307E521727433004E4A48 /* DataFetcher.swift in Sources */,
				AFE307EB217274D7004E4A48 /* Question.swift in Sources */,
				D7B24B6921731A5A00B4BCA6 /* QuestionCardView.swift in Sources */,
				D7B24B6621730EF000B4BCA6 /* Category.swift in Sources */,
				AFE307F12172870E004E4A48 /* EditingFieldView.swift in Sources */,
				AFE307F52172950A004E4A48 /* ActiveQuestionViewController.swift in Sources */,
				AFE307F92172A53E004E4A48 /* SelectionRow.swift in Sources */,
				AFE307F72172A384004E4A48 /* CategorySelectView.swift in Sources */,
				AFE307FB2172A8C5004E4A48 /* ContentView.swift in Sources */,
				AFE307D0217271BA004E4A48 /* AppDelegate.swift in Sources */,
				AFE307EF21727EB5004E4A48 /* wikiwiki+UIColor.swift in Sources */,
				AFE307E72172745D004E4A48 /* QuestionCreationViewController.swift in Sources */,
			);
			runOnlyForDeploymentPostprocessing = 0;
		};
/* End PBXSourcesBuildPhase section */

/* Begin PBXVariantGroup section */
		AFE307D3217271BA004E4A48 /* Main.storyboard */ = {
			isa = PBXVariantGroup;
			children = (
				AFE307D4217271BA004E4A48 /* Base */,
			);
			name = Main.storyboard;
			sourceTree = "<group>";
		};
		AFE307D8217271BB004E4A48 /* LaunchScreen.storyboard */ = {
			isa = PBXVariantGroup;
			children = (
				AFE307D9217271BB004E4A48 /* Base */,
			);
			name = LaunchScreen.storyboard;
			sourceTree = "<group>";
		};
/* End PBXVariantGroup section */

/* Begin XCBuildConfiguration section */
		AFE307DC217271BB004E4A48 /* Debug */ = {
			isa = XCBuildConfiguration;
			buildSettings = {
				ALWAYS_SEARCH_USER_PATHS = NO;
				CLANG_ANALYZER_NONNULL = YES;
				CLANG_ANALYZER_NUMBER_OBJECT_CONVERSION = YES_AGGRESSIVE;
				CLANG_CXX_LANGUAGE_STANDARD = "gnu++14";
				CLANG_CXX_LIBRARY = "libc++";
				CLANG_ENABLE_MODULES = YES;
				CLANG_ENABLE_OBJC_ARC = YES;
				CLANG_ENABLE_OBJC_WEAK = YES;
				CLANG_WARN_BLOCK_CAPTURE_AUTORELEASING = YES;
				CLANG_WARN_BOOL_CONVERSION = YES;
				CLANG_WARN_COMMA = YES;
				CLANG_WARN_CONSTANT_CONVERSION = YES;
				CLANG_WARN_DEPRECATED_OBJC_IMPLEMENTATIONS = YES;
				CLANG_WARN_DIRECT_OBJC_ISA_USAGE = YES_ERROR;
				CLANG_WARN_DOCUMENTATION_COMMENTS = YES;
				CLANG_WARN_EMPTY_BODY = YES;
				CLANG_WARN_ENUM_CONVERSION = YES;
				CLANG_WARN_INFINITE_RECURSION = YES;
				CLANG_WARN_INT_CONVERSION = YES;
				CLANG_WARN_NON_LITERAL_NULL_CONVERSION = YES;
				CLANG_WARN_OBJC_IMPLICIT_RETAIN_SELF = YES;
				CLANG_WARN_OBJC_LITERAL_CONVERSION = YES;
				CLANG_WARN_OBJC_ROOT_CLASS = YES_ERROR;
				CLANG_WARN_RANGE_LOOP_ANALYSIS = YES;
				CLANG_WARN_STRICT_PROTOTYPES = YES;
				CLANG_WARN_SUSPICIOUS_MOVE = YES;
				CLANG_WARN_UNGUARDED_AVAILABILITY = YES_AGGRESSIVE;
				CLANG_WARN_UNREACHABLE_CODE = YES;
				CLANG_WARN__DUPLICATE_METHOD_MATCH = YES;
				CODE_SIGN_IDENTITY = "iPhone Developer";
				COPY_PHASE_STRIP = NO;
				DEBUG_INFORMATION_FORMAT = dwarf;
				ENABLE_STRICT_OBJC_MSGSEND = YES;
				ENABLE_TESTABILITY = YES;
				GCC_C_LANGUAGE_STANDARD = gnu11;
				GCC_DYNAMIC_NO_PIC = NO;
				GCC_NO_COMMON_BLOCKS = YES;
				GCC_OPTIMIZATION_LEVEL = 0;
				GCC_PREPROCESSOR_DEFINITIONS = (
					"DEBUG=1",
					"$(inherited)",
				);
				GCC_WARN_64_TO_32_BIT_CONVERSION = YES;
				GCC_WARN_ABOUT_RETURN_TYPE = YES_ERROR;
				GCC_WARN_UNDECLARED_SELECTOR = YES;
				GCC_WARN_UNINITIALIZED_AUTOS = YES_AGGRESSIVE;
				GCC_WARN_UNUSED_FUNCTION = YES;
				GCC_WARN_UNUSED_VARIABLE = YES;
				IPHONEOS_DEPLOYMENT_TARGET = 12.0;
				MTL_ENABLE_DEBUG_INFO = INCLUDE_SOURCE;
				MTL_FAST_MATH = YES;
				ONLY_ACTIVE_ARCH = YES;
				SDKROOT = iphoneos;
				SWIFT_ACTIVE_COMPILATION_CONDITIONS = DEBUG;
				SWIFT_OPTIMIZATION_LEVEL = "-Onone";
			};
			name = Debug;
		};
		AFE307DD217271BB004E4A48 /* Release */ = {
			isa = XCBuildConfiguration;
			buildSettings = {
				ALWAYS_SEARCH_USER_PATHS = NO;
				CLANG_ANALYZER_NONNULL = YES;
				CLANG_ANALYZER_NUMBER_OBJECT_CONVERSION = YES_AGGRESSIVE;
				CLANG_CXX_LANGUAGE_STANDARD = "gnu++14";
				CLANG_CXX_LIBRARY = "libc++";
				CLANG_ENABLE_MODULES = YES;
				CLANG_ENABLE_OBJC_ARC = YES;
				CLANG_ENABLE_OBJC_WEAK = YES;
				CLANG_WARN_BLOCK_CAPTURE_AUTORELEASING = YES;
				CLANG_WARN_BOOL_CONVERSION = YES;
				CLANG_WARN_COMMA = YES;
				CLANG_WARN_CONSTANT_CONVERSION = YES;
				CLANG_WARN_DEPRECATED_OBJC_IMPLEMENTATIONS = YES;
				CLANG_WARN_DIRECT_OBJC_ISA_USAGE = YES_ERROR;
				CLANG_WARN_DOCUMENTATION_COMMENTS = YES;
				CLANG_WARN_EMPTY_BODY = YES;
				CLANG_WARN_ENUM_CONVERSION = YES;
				CLANG_WARN_INFINITE_RECURSION = YES;
				CLANG_WARN_INT_CONVERSION = YES;
				CLANG_WARN_NON_LITERAL_NULL_CONVERSION = YES;
				CLANG_WARN_OBJC_IMPLICIT_RETAIN_SELF = YES;
				CLANG_WARN_OBJC_LITERAL_CONVERSION = YES;
				CLANG_WARN_OBJC_ROOT_CLASS = YES_ERROR;
				CLANG_WARN_RANGE_LOOP_ANALYSIS = YES;
				CLANG_WARN_STRICT_PROTOTYPES = YES;
				CLANG_WARN_SUSPICIOUS_MOVE = YES;
				CLANG_WARN_UNGUARDED_AVAILABILITY = YES_AGGRESSIVE;
				CLANG_WARN_UNREACHABLE_CODE = YES;
				CLANG_WARN__DUPLICATE_METHOD_MATCH = YES;
				CODE_SIGN_IDENTITY = "iPhone Developer";
				COPY_PHASE_STRIP = NO;
				DEBUG_INFORMATION_FORMAT = "dwarf-with-dsym";
				ENABLE_NS_ASSERTIONS = NO;
				ENABLE_STRICT_OBJC_MSGSEND = YES;
				GCC_C_LANGUAGE_STANDARD = gnu11;
				GCC_NO_COMMON_BLOCKS = YES;
				GCC_WARN_64_TO_32_BIT_CONVERSION = YES;
				GCC_WARN_ABOUT_RETURN_TYPE = YES_ERROR;
				GCC_WARN_UNDECLARED_SELECTOR = YES;
				GCC_WARN_UNINITIALIZED_AUTOS = YES_AGGRESSIVE;
				GCC_WARN_UNUSED_FUNCTION = YES;
				GCC_WARN_UNUSED_VARIABLE = YES;
				IPHONEOS_DEPLOYMENT_TARGET = 12.0;
				MTL_ENABLE_DEBUG_INFO = NO;
				MTL_FAST_MATH = YES;
				SDKROOT = iphoneos;
				SWIFT_COMPILATION_MODE = wholemodule;
				SWIFT_OPTIMIZATION_LEVEL = "-O";
				VALIDATE_PRODUCT = YES;
			};
			name = Release;
		};
		AFE307DF217271BB004E4A48 /* Debug */ = {
			isa = XCBuildConfiguration;
			baseConfigurationReference = 32EB7B0163015D786428F61D /* Pods-wikiwiki.debug.xcconfig */;
			buildSettings = {
				ASSETCATALOG_COMPILER_APPICON_NAME = AppIcon;
				CODE_SIGN_STYLE = Automatic;
				DEVELOPMENT_TEAM = D9GZK3CLYY;
				INFOPLIST_FILE = wikiwiki/Info.plist;
				LD_RUNPATH_SEARCH_PATHS = (
					"$(inherited)",
					"@executable_path/Frameworks",
				);
				PRODUCT_BUNDLE_IDENTIFIER = com.brianlin.wikiwiki;
				PRODUCT_NAME = "$(TARGET_NAME)";
				SWIFT_VERSION = 4.2;
				TARGETED_DEVICE_FAMILY = "1,2";
			};
			name = Debug;
		};
		AFE307E0217271BB004E4A48 /* Release */ = {
			isa = XCBuildConfiguration;
			baseConfigurationReference = 33A17383AF06FC254A3F15BD /* Pods-wikiwiki.release.xcconfig */;
			buildSettings = {
				ASSETCATALOG_COMPILER_APPICON_NAME = AppIcon;
				CODE_SIGN_STYLE = Automatic;
				DEVELOPMENT_TEAM = D9GZK3CLYY;
				INFOPLIST_FILE = wikiwiki/Info.plist;
				LD_RUNPATH_SEARCH_PATHS = (
					"$(inherited)",
					"@executable_path/Frameworks",
				);
				PRODUCT_BUNDLE_IDENTIFIER = com.brianlin.wikiwiki;
				PRODUCT_NAME = "$(TARGET_NAME)";
				SWIFT_VERSION = 4.2;
				TARGETED_DEVICE_FAMILY = "1,2";
			};
			name = Release;
		};
/* End XCBuildConfiguration section */

/* Begin XCConfigurationList section */
		AFE307C7217271BA004E4A48 /* Build configuration list for PBXProject "wikiwiki" */ = {
			isa = XCConfigurationList;
			buildConfigurations = (
				AFE307DC217271BB004E4A48 /* Debug */,
				AFE307DD217271BB004E4A48 /* Release */,
			);
			defaultConfigurationIsVisible = 0;
			defaultConfigurationName = Release;
		};
		AFE307DE217271BB004E4A48 /* Build configuration list for PBXNativeTarget "wikiwiki" */ = {
			isa = XCConfigurationList;
			buildConfigurations = (
				AFE307DF217271BB004E4A48 /* Debug */,
				AFE307E0217271BB004E4A48 /* Release */,
			);
			defaultConfigurationIsVisible = 0;
			defaultConfigurationName = Release;
		};
/* End XCConfigurationList section */
	};
	rootObject = AFE307C4217271BA004E4A48 /* Project object */;
}
